
Microsoft Visual Studio Solution File, Format Version 12.00
# Visual Studio Version 17
VisualStudioVersion = 17.5.33530.505
MinimumVisualStudioVersion = 10.0.40219.1
Project("{9A19103F-16F7-4668-BE54-9A1E7A4F7556}") = "Sheenam.Api", "Sheenam.Api\Sheenam.Api.csproj", "{257FA884-2C7C-4B74-BB37-27624756D2D6}"
EndProject
Project("{FAE04EC0-301F-11D3-BF4B-00C04F79EFBC}") = "Sheenam.Api.Tests.Unit", "Sheenam.Api.Tests.Unit\Sheenam.Api.Tests.Unit.csproj", "{6201A519-809A-4C2C-8BAB-F86A5632B4AE}"
EndProject
Global
	GlobalSection(SolutionConfigurationPlatforms) = preSolution
		Debug|Any CPU = Debug|Any CPU
		Release|Any CPU = Release|Any CPU
	EndGlobalSection
	GlobalSection(ProjectConfigurationPlatforms) = postSolution
		{257FA884-2C7C-4B74-BB37-27624756D2D6}.Debug|Any CPU.ActiveCfg = Debug|Any CPU
		{257FA884-2C7C-4B74-BB37-27624756D2D6}.Debug|Any CPU.Build.0 = Debug|Any CPU
		{257FA884-2C7C-4B74-BB37-27624756D2D6}.Release|Any CPU.ActiveCfg = Release|Any CPU
		{257FA884-2C7C-4B74-BB37-27624756D2D6}.Release|Any CPU.Build.0 = Release|Any CPU
		{6201A519-809A-4C2C-8BAB-F86A5632B4AE}.Debug|Any CPU.ActiveCfg = Debug|Any CPU
		{6201A519-809A-4C2C-8BAB-F86A5632B4AE}.Debug|Any CPU.Build.0 = Debug|Any CPU
		{6201A519-809A-4C2C-8BAB-F86A5632B4AE}.Release|Any CPU.ActiveCfg = Release|Any CPU
		{6201A519-809A-4C2C-8BAB-F86A5632B4AE}.Release|Any CPU.Build.0 = Release|Any CPU
	EndGlobalSection
	GlobalSection(SolutionProperties) = preSolution
		HideSolutionNode = FALSE
	EndGlobalSection
	GlobalSection(ExtensibilityGlobals) = postSolution
		SolutionGuid = {C74F5A2C-714B-4E5C-B8DE-04B1DA5FBC7E}
	EndGlobalSection
EndGlobal
